
Microsoft Visual Studio Solution File, Format Version 12.00
# Visual Studio Version 17
VisualStudioVersion = 17.4.33110.190
MinimumVisualStudioVersion = 10.0.40219.1
Project("{FAE04EC0-301F-11D3-BF4B-00C04F79EFBC}") = "eShoppingCart.Domain", "eShoppingCart.Domain\eShoppingCart.Domain.csproj", "{61A641C8-0C58-4E92-8B28-208CBBA88B78}"
EndProject
Project("{FAE04EC0-301F-11D3-BF4B-00C04F79EFBC}") = "eShoppingCart.BusinessLogic", "eShoppingCart.BusinessLogic\eShoppingCart.BusinessLogic.csproj", "{BD151E3D-CA7F-4356-970F-77589A8C8F0C}"
EndProject
Project("{FAE04EC0-301F-11D3-BF4B-00C04F79EFBC}") = "eShoppingCart.DataAccess", "eShoppingCart.DataAccess\eShoppingCart.DataAccess.csproj", "{1CD0257E-522E-4E22-AF63-FA45BD05BCEE}"
EndProject
Project("{FAE04EC0-301F-11D3-BF4B-00C04F79EFBC}") = "eShoppingCart.Common", "eShoppingCart.Common\eShoppingCart.Common.csproj", "{1E9A0329-F6AB-4EBF-8953-AC40C1AA904F}"
EndProject
Project("{FAE04EC0-301F-11D3-BF4B-00C04F79EFBC}") = "eShoppingCart.WebApp", "eShoppingCart.WebApp\eShoppingCart.WebApp.csproj", "{78DE72B5-13B1-440C-A2B4-6B3351E3EBBA}"
EndProject
Global
	GlobalSection(SolutionConfigurationPlatforms) = preSolution
		Debug|Any CPU = Debug|Any CPU
		Release|Any CPU = Release|Any CPU
	EndGlobalSection
	GlobalSection(ProjectConfigurationPlatforms) = postSolution
		{61A641C8-0C58-4E92-8B28-208CBBA88B78}.Debug|Any CPU.ActiveCfg = Debug|Any CPU
		{61A641C8-0C58-4E92-8B28-208CBBA88B78}.Debug|Any CPU.Build.0 = Debug|Any CPU
		{61A641C8-0C58-4E92-8B28-208CBBA88B78}.Release|Any CPU.ActiveCfg = Release|Any CPU
		{61A641C8-0C58-4E92-8B28-208CBBA88B78}.Release|Any CPU.Build.0 = Release|Any CPU
		{BD151E3D-CA7F-4356-970F-77589A8C8F0C}.Debug|Any CPU.ActiveCfg = Debug|Any CPU
		{BD151E3D-CA7F-4356-970F-77589A8C8F0C}.Debug|Any CPU.Build.0 = Debug|Any CPU
		{BD151E3D-CA7F-4356-970F-77589A8C8F0C}.Release|Any CPU.ActiveCfg = Release|Any CPU
		{BD151E3D-CA7F-4356-970F-77589A8C8F0C}.Release|Any CPU.Build.0 = Release|Any CPU
		{1CD0257E-522E-4E22-AF63-FA45BD05BCEE}.Debug|Any CPU.ActiveCfg = Debug|Any CPU
		{1CD0257E-522E-4E22-AF63-FA45BD05BCEE}.Debug|Any CPU.Build.0 = Debug|Any CPU
		{1CD0257E-522E-4E22-AF63-FA45BD05BCEE}.Release|Any CPU.ActiveCfg = Release|Any CPU
		{1CD0257E-522E-4E22-AF63-FA45BD05BCEE}.Release|Any CPU.Build.0 = Release|Any CPU
		{1E9A0329-F6AB-4EBF-8953-AC40C1AA904F}.Debug|Any CPU.ActiveCfg = Debug|Any CPU
		{1E9A0329-F6AB-4EBF-8953-AC40C1AA904F}.Debug|Any CPU.Build.0 = Debug|Any CPU
		{1E9A0329-F6AB-4EBF-8953-AC40C1AA904F}.Release|Any CPU.ActiveCfg = Release|Any CPU
		{1E9A0329-F6AB-4EBF-8953-AC40C1AA904F}.Release|Any CPU.Build.0 = Release|Any CPU
		{78DE72B5-13B1-440C-A2B4-6B3351E3EBBA}.Debug|Any CPU.ActiveCfg = Debug|Any CPU
		{78DE72B5-13B1-440C-A2B4-6B3351E3EBBA}.Debug|Any CPU.Build.0 = Debug|Any CPU
		{78DE72B5-13B1-440C-A2B4-6B3351E3EBBA}.Release|Any CPU.ActiveCfg = Release|Any CPU
		{78DE72B5-13B1-440C-A2B4-6B3351E3EBBA}.Release|Any CPU.Build.0 = Release|Any CPU
	EndGlobalSection
	GlobalSection(SolutionProperties) = preSolution
		HideSolutionNode = FALSE
	EndGlobalSection
	GlobalSection(ExtensibilityGlobals) = postSolution
		SolutionGuid = {087F8471-E2EA-416F-843F-40FF1E00F6A7}
	EndGlobalSection
EndGlobal
